
Microsoft Visual Studio Solution File, Format Version 12.00
# Visual Studio Version 17
VisualStudioVersion = 17.9.34607.119
MinimumVisualStudioVersion = 10.0.40219.1
Project("{FAE04EC0-301F-11D3-BF4B-00C04F79EFBC}") = "ContactDB_OOP", "ContactDB_OOP.csproj", "{06C3E0E0-BA64-4025-BE29-57297DAC5FCC}"
EndProject
Global
	GlobalSection(SolutionConfigurationPlatforms) = preSolution
		Debug|Any CPU = Debug|Any CPU
		Release|Any CPU = Release|Any CPU
	EndGlobalSection
	GlobalSection(ProjectConfigurationPlatforms) = postSolution
		{06C3E0E0-BA64-4025-BE29-57297DAC5FCC}.Debug|Any CPU.ActiveCfg = Debug|Any CPU
		{06C3E0E0-BA64-4025-BE29-57297DAC5FCC}.Debug|Any CPU.Build.0 = Debug|Any CPU
		{06C3E0E0-BA64-4025-BE29-57297DAC5FCC}.Release|Any CPU.ActiveCfg = Release|Any CPU
		{06C3E0E0-BA64-4025-BE29-57297DAC5FCC}.Release|Any CPU.Build.0 = Release|Any CPU
	EndGlobalSection
	GlobalSection(SolutionProperties) = preSolution
		HideSolutionNode = FALSE
	EndGlobalSection
	GlobalSection(ExtensibilityGlobals) = postSolution
		SolutionGuid = {321B6BEE-E9CE-40A8-B906-1D94B40B23B4}
	EndGlobalSection
EndGlobal
